
Microsoft Visual Studio Solution File, Format Version 12.00
# Visual Studio 14
VisualStudioVersion = 14.0.25123.0
MinimumVisualStudioVersion = 10.0.40219.1
Project("{FAE04EC0-301F-11D3-BF4B-00C04F79EFBC}") = "IntroductionSamples", "IntroductionSamples\IntroductionSamples.csproj", "{87BD5ED3-1DFD-443F-8686-9CE1B2D95350}"
EndProject
Project("{FAE04EC0-301F-11D3-BF4B-00C04F79EFBC}") = "ManageSerializationSamples", "ManageSerializationSamples\ManageSerializationSamples.csproj", "{6161ABAA-8C85-439C-8760-51226CBC0FF6}"
EndProject
Project("{FAE04EC0-301F-11D3-BF4B-00C04F79EFBC}") = "ConApp7", "ConApp7\ConApp7.csproj", "{E800BAC0-ABE5-4C07-8C77-68655C901327}"
EndProject
Global
	GlobalSection(SolutionConfigurationPlatforms) = preSolution
		Debug|Any CPU = Debug|Any CPU
		Release|Any CPU = Release|Any CPU
	EndGlobalSection
	GlobalSection(ProjectConfigurationPlatforms) = postSolution
		{87BD5ED3-1DFD-443F-8686-9CE1B2D95350}.Debug|Any CPU.ActiveCfg = Debug|Any CPU
		{87BD5ED3-1DFD-443F-8686-9CE1B2D95350}.Debug|Any CPU.Build.0 = Debug|Any CPU
		{87BD5ED3-1DFD-443F-8686-9CE1B2D95350}.Release|Any CPU.ActiveCfg = Release|Any CPU
		{87BD5ED3-1DFD-443F-8686-9CE1B2D95350}.Release|Any CPU.Build.0 = Release|Any CPU
		{6161ABAA-8C85-439C-8760-51226CBC0FF6}.Debug|Any CPU.ActiveCfg = Debug|Any CPU
		{6161ABAA-8C85-439C-8760-51226CBC0FF6}.Debug|Any CPU.Build.0 = Debug|Any CPU
		{6161ABAA-8C85-439C-8760-51226CBC0FF6}.Release|Any CPU.ActiveCfg = Release|Any CPU
		{6161ABAA-8C85-439C-8760-51226CBC0FF6}.Release|Any CPU.Build.0 = Release|Any CPU
		{E800BAC0-ABE5-4C07-8C77-68655C901327}.Debug|Any CPU.ActiveCfg = Debug|Any CPU
		{E800BAC0-ABE5-4C07-8C77-68655C901327}.Debug|Any CPU.Build.0 = Debug|Any CPU
		{E800BAC0-ABE5-4C07-8C77-68655C901327}.Release|Any CPU.ActiveCfg = Release|Any CPU
		{E800BAC0-ABE5-4C07-8C77-68655C901327}.Release|Any CPU.Build.0 = Release|Any CPU
	EndGlobalSection
	GlobalSection(SolutionProperties) = preSolution
		HideSolutionNode = FALSE
	EndGlobalSection
EndGlobal
